// !$*UTF8*$!
{
	archiveVersion = 1;
	classes = {
	};
	objectVersion = 46;
	objects = {

/* Begin PBXBuildFile section */
		76C26DE41D99EE74005AF5EF /* RNBugsnag.m in Sources */ = {isa = PBXBuildFile; fileRef = 76C26DE31D99EE74005AF5EF /* RNBugsnag.m */; };
		76C26DE51D99EE74005AF5EF /* RNBugsnag.h in CopyFiles */ = {isa = PBXBuildFile; fileRef = 76C26DE21D99EE74005AF5EF /* RNBugsnag.h */; };
/* End PBXBuildFile section */

/* Begin PBXCopyFilesBuildPhase section */
		76C26DDD1D99EE74005AF5EF /* CopyFiles */ = {
			isa = PBXCopyFilesBuildPhase;
			buildActionMask = 2147483647;
			dstPath = "include/$(PRODUCT_NAME)";
			dstSubfolderSpec = 16;
			files = (
				76C26DE51D99EE74005AF5EF /* RNBugsnag.h in CopyFiles */,
			);
			runOnlyForDeploymentPostprocessing = 0;
		};
/* End PBXCopyFilesBuildPhase section */

/* Begin PBXFileReference section */
		76C26DDF1D99EE74005AF5EF /* libRNBugsnag.a */ = {isa = PBXFileReference; explicitFileType = archive.ar; includeInIndex = 0; path = libRNBugsnag.a; sourceTree = BUILT_PRODUCTS_DIR; };
		76C26DE21D99EE74005AF5EF /* RNBugsnag.h */ = {isa = PBXFileReference; lastKnownFileType = sourcecode.c.h; path = RNBugsnag.h; sourceTree = "<group>"; };
		76C26DE31D99EE74005AF5EF /* RNBugsnag.m */ = {isa = PBXFileReference; lastKnownFileType = sourcecode.c.objc; path = RNBugsnag.m; sourceTree = "<group>"; };
/* End PBXFileReference section */

/* Begin PBXFrameworksBuildPhase section */
		76C26DDC1D99EE74005AF5EF /* Frameworks */ = {
			isa = PBXFrameworksBuildPhase;
			buildActionMask = 2147483647;
			files = (
			);
			runOnlyForDeploymentPostprocessing = 0;
		};
/* End PBXFrameworksBuildPhase section */

/* Begin PBXGroup section */
		76C26DD61D99EE74005AF5EF = {
			isa = PBXGroup;
			children = (
				76C26DE11D99EE74005AF5EF /* RNBugsnag */,
				76C26DE01D99EE74005AF5EF /* Products */,
			);
			sourceTree = "<group>";
		};
		76C26DE01D99EE74005AF5EF /* Products */ = {
			isa = PBXGroup;
			children = (
				76C26DDF1D99EE74005AF5EF /* libRNBugsnag.a */,
			);
			name = Products;
			sourceTree = "<group>";
		};
		76C26DE11D99EE74005AF5EF /* RNBugsnag */ = {
			isa = PBXGroup;
			children = (
				76C26DE21D99EE74005AF5EF /* RNBugsnag.h */,
				76C26DE31D99EE74005AF5EF /* RNBugsnag.m */,
			);
			path = RNBugsnag;
			sourceTree = "<group>";
		};
/* End PBXGroup section */

/* Begin PBXNativeTarget section */
		76C26DDE1D99EE74005AF5EF /* RNBugsnag */ = {
			isa = PBXNativeTarget;
			buildConfigurationList = 76C26DE81D99EE74005AF5EF /* Build configuration list for PBXNativeTarget "RNBugsnag" */;
			buildPhases = (
				76C26DDB1D99EE74005AF5EF /* Sources */,
				76C26DDC1D99EE74005AF5EF /* Frameworks */,
				76C26DDD1D99EE74005AF5EF /* CopyFiles */,
			);
			buildRules = (
			);
			dependencies = (
			);
			name = RNBugsnag;
			productName = RNBugsnag;
			productReference = 76C26DDF1D99EE74005AF5EF /* libRNBugsnag.a */;
			productType = "com.apple.product-type.library.static";
		};
/* End PBXNativeTarget section */

/* Begin PBXProject section */
		76C26DD71D99EE74005AF5EF /* Project object */ = {
			isa = PBXProject;
			attributes = {
				LastUpgradeCheck = 0800;
				ORGANIZATIONNAME = "Ryan Leckey";
				TargetAttributes = {
					76C26DDE1D99EE74005AF5EF = {
						CreatedOnToolsVersion = 8.0;
						DevelopmentTeam = B45CT23BDX;
						ProvisioningStyle = Automatic;
					};
				};
			};
			buildConfigurationList = 76C26DDA1D99EE74005AF5EF /* Build configuration list for PBXProject "RNBugsnag" */;
			compatibilityVersion = "Xcode 3.2";
			developmentRegion = English;
			hasScannedForEncodings = 0;
			knownRegions = (
				en,
			);
			mainGroup = 76C26DD61D99EE74005AF5EF;
			productRefGroup = 76C26DE01D99EE74005AF5EF /* Products */;
			projectDirPath = "";
			projectRoot = "";
			targets = (
				76C26DDE1D99EE74005AF5EF /* RNBugsnag */,
			);
		};
/* End PBXProject section */

/* Begin PBXSourcesBuildPhase section */
		76C26DDB1D99EE74005AF5EF /* Sources */ = {
			isa = PBXSourcesBuildPhase;
			buildActionMask = 2147483647;
			files = (
				76C26DE41D99EE74005AF5EF /* RNBugsnag.m in Sources */,
			);
			runOnlyForDeploymentPostprocessing = 0;
		};
/* End PBXSourcesBuildPhase section */

/* Begin XCBuildConfiguration section */
		76C26DE61D99EE74005AF5EF /* Debug */ = {
			isa = XCBuildConfiguration;
			buildSettings = {
				ALWAYS_SEARCH_USER_PATHS = NO;
				CLANG_ANALYZER_NONNULL = YES;
				CLANG_CXX_LANGUAGE_STANDARD = "gnu++0x";
				CLANG_CXX_LIBRARY = "libc++";
				CLANG_ENABLE_MODULES = YES;
				CLANG_ENABLE_OBJC_ARC = YES;
				CLANG_WARN_BOOL_CONVERSION = YES;
				CLANG_WARN_CONSTANT_CONVERSION = YES;
				CLANG_WARN_DIRECT_OBJC_ISA_USAGE = YES_ERROR;
				CLANG_WARN_DOCUMENTATION_COMMENTS = YES;
				CLANG_WARN_EMPTY_BODY = YES;
				CLANG_WARN_ENUM_CONVERSION = YES;
				CLANG_WARN_INFINITE_RECURSION = YES;
				CLANG_WARN_INT_CONVERSION = YES;
				CLANG_WARN_OBJC_ROOT_CLASS = YES_ERROR;
				CLANG_WARN_SUSPICIOUS_MOVES = YES;
				CLANG_WARN_UNREACHABLE_CODE = YES;
				CLANG_WARN__DUPLICATE_METHOD_MATCH = YES;
				"CODE_SIGN_IDENTITY[sdk=iphoneos*]" = "iPhone Developer";
				COPY_PHASE_STRIP = NO;
				DEBUG_INFORMATION_FORMAT = dwarf;
				ENABLE_STRICT_OBJC_MSGSEND = YES;
				ENABLE_TESTABILITY = YES;
				GCC_C_LANGUAGE_STANDARD = gnu99;
				GCC_DYNAMIC_NO_PIC = NO;
				GCC_NO_COMMON_BLOCKS = YES;
				GCC_OPTIMIZATION_LEVEL = 0;
				GCC_PREPROCESSOR_DEFINITIONS = (
					"DEBUG=1",
					"$(inherited)",
				);
				GCC_WARN_64_TO_32_BIT_CONVERSION = YES;
				GCC_WARN_ABOUT_RETURN_TYPE = YES_ERROR;
				GCC_WARN_UNDECLARED_SELECTOR = YES;
				GCC_WARN_UNINITIALIZED_AUTOS = YES_AGGRESSIVE;
				GCC_WARN_UNUSED_FUNCTION = YES;
				GCC_WARN_UNUSED_VARIABLE = YES;
				IPHONEOS_DEPLOYMENT_TARGET = 10.0;
				MTL_ENABLE_DEBUG_INFO = YES;
				ONLY_ACTIVE_ARCH = YES;
				SDKROOT = iphoneos;
			};
			name = Debug;
		};
		76C26DE71D99EE74005AF5EF /* Release */ = {
			isa = XCBuildConfiguration;
			buildSettings = {
				ALWAYS_SEARCH_USER_PATHS = NO;
				CLANG_ANALYZER_NONNULL = YES;
				CLANG_CXX_LANGUAGE_STANDARD = "gnu++0x";
				CLANG_CXX_LIBRARY = "libc++";
				CLANG_ENABLE_MODULES = YES;
				CLANG_ENABLE_OBJC_ARC = YES;
				CLANG_WARN_BOOL_CONVERSION = YES;
				CLANG_WARN_CONSTANT_CONVERSION = YES;
				CLANG_WARN_DIRECT_OBJC_ISA_USAGE = YES_ERROR;
				CLANG_WARN_DOCUMENTATION_COMMENTS = YES;
				CLANG_WARN_EMPTY_BODY = YES;
				CLANG_WARN_ENUM_CONVERSION = YES;
				CLANG_WARN_INFINITE_RECURSION = YES;
				CLANG_WARN_INT_CONVERSION = YES;
				CLANG_WARN_OBJC_ROOT_CLASS = YES_ERROR;
				CLANG_WARN_SUSPICIOUS_MOVES = YES;
				CLANG_WARN_UNREACHABLE_CODE = YES;
				CLANG_WARN__DUPLICATE_METHOD_MATCH = YES;
				"CODE_SIGN_IDENTITY[sdk=iphoneos*]" = "iPhone Developer";
				COPY_PHASE_STRIP = NO;
				DEBUG_INFORMATION_FORMAT = "dwarf-with-dsym";
				ENABLE_NS_ASSERTIONS = NO;
				ENABLE_STRICT_OBJC_MSGSEND = YES;
				GCC_C_LANGUAGE_STANDARD = gnu99;
				GCC_NO_COMMON_BLOCKS = YES;
				GCC_WARN_64_TO_32_BIT_CONVERSION = YES;
				GCC_WARN_ABOUT_RETURN_TYPE = YES_ERROR;
				GCC_WARN_UNDECLARED_SELECTOR = YES;
				GCC_WARN_UNINITIALIZED_AUTOS = YES_AGGRESSIVE;
				GCC_WARN_UNUSED_FUNCTION = YES;
				GCC_WARN_UNUSED_VARIABLE = YES;
				IPHONEOS_DEPLOYMENT_TARGET = 10.0;
				MTL_ENABLE_DEBUG_INFO = NO;
				SDKROOT = iphoneos;
				VALIDATE_PRODUCT = YES;
			};
			name = Release;
		};
		76C26DE91D99EE74005AF5EF /* Debug */ = {
			isa = XCBuildConfiguration;
			buildSettings = {
				DEVELOPMENT_TEAM = B45CT23BDX;
				HEADER_SEARCH_PATHS = (
					"$(inherited)",
					"${SRCROOT}/../../react-native/React/**",
					"${SRCROOT}/../../node_modules/react-native/React/**",
					"$(PROJECT_DIR)/../../../ios/**",
				);
				OTHER_LDFLAGS = "-ObjC";
				PRODUCT_NAME = "$(TARGET_NAME)";
				SKIP_INSTALL = YES;
			};
			name = Debug;
		};
		76C26DEA1D99EE74005AF5EF /* Release */ = {
			isa = XCBuildConfiguration;
			buildSettings = {
				DEVELOPMENT_TEAM = B45CT23BDX;
				HEADER_SEARCH_PATHS = (
					"$(inherited)",
					"${SRCROOT}/../../react-native/React/**",
					"${SRCROOT}/../../node_modules/react-native/React/**",
					"$(PROJECT_DIR)/../../../ios/**",
				);
				OTHER_LDFLAGS = "-ObjC";
				PRODUCT_NAME = "$(TARGET_NAME)";
				SKIP_INSTALL = YES;
			};
			name = Release;
		};
/* End XCBuildConfiguration section */

/* Begin XCConfigurationList section */
		76C26DDA1D99EE74005AF5EF /* Build configuration list for PBXProject "RNBugsnag" */ = {
			isa = XCConfigurationList;
			buildConfigurations = (
				76C26DE61D99EE74005AF5EF /* Debug */,
				76C26DE71D99EE74005AF5EF /* Release */,
			);
			defaultConfigurationIsVisible = 0;
			defaultConfigurationName = Release;
		};
		76C26DE81D99EE74005AF5EF /* Build configuration list for PBXNativeTarget "RNBugsnag" */ = {
			isa = XCConfigurationList;
			buildConfigurations = (
				76C26DE91D99EE74005AF5EF /* Debug */,
				76C26DEA1D99EE74005AF5EF /* Release */,
			);
			defaultConfigurationIsVisible = 0;
		};
/* End XCConfigurationList section */
	};
	rootObject = 76C26DD71D99EE74005AF5EF /* Project object */;
}
